
Microsoft Visual Studio Solution File, Format Version 12.00
# Visual Studio Version 17
VisualStudioVersion = 17.1.32421.90
MinimumVisualStudioVersion = 10.0.40219.1
Project("{9A19103F-16F7-4668-BE54-9A1E7A4F7556}") = "ProductFocusApi", "ProductFocusApi\ProductFocusApi.csproj", "{AA8CF121-062D-4197-9BD2-106D85B3BDF8}"
	ProjectSection(ProjectDependencies) = postProject
		{6B836B8C-CD04-48D2-A162-7D90FC11ABEC} = {6B836B8C-CD04-48D2-A162-7D90FC11ABEC}
	EndProjectSection
EndProject
Project("{9A19103F-16F7-4668-BE54-9A1E7A4F7556}") = "ProductFocus.Domain", "ProductFocus.Domain\ProductFocus.Domain.csproj", "{1B6A7D0F-CCAE-4C75-BC8D-D3A439A36FB0}"
EndProject
Project("{9A19103F-16F7-4668-BE54-9A1E7A4F7556}") = "ProductFocus.Persistence", "ProductFocus.Persistence\ProductFocus.Persistence.csproj", "{16B10142-446F-4B64-BEFC-291D098B9600}"
EndProject
Project("{2150E333-8FDC-42A3-9474-1A3956D46DE8}") = "ProductDocumentations", "ProductDocumentations", "{B2E4D1FA-7A34-4460-B690-3975E9D95D18}"
EndProject
Project("{9A19103F-16F7-4668-BE54-9A1E7A4F7556}") = "ProductDocumentations.Application", "ProductDocumentations.Application\ProductDocumentations.Application.csproj", "{6B727263-3873-40DA-8E9C-D21C2F0D1E64}"
EndProject
Project("{9A19103F-16F7-4668-BE54-9A1E7A4F7556}") = "ProductDocumentations.Infrastructure", "ProductDocumentations.Infrastructure\ProductDocumentations.Infrastructure.csproj", "{A4970DB4-91C9-480D-99CF-2442CB8A11DE}"
EndProject
Project("{9A19103F-16F7-4668-BE54-9A1E7A4F7556}") = "ProductDocumentations.Domain", "ProductDocumentations.Domain\ProductDocumentations.Domain.csproj", "{7EAAEB04-188D-4BF2-9D60-D2BB67701C55}"
EndProject
Project("{2150E333-8FDC-42A3-9474-1A3956D46DE8}") = "ProductTestManagement", "ProductTestManagement", "{7B360A4F-CFA3-4B4B-87C0-503CA4F49EF1}"
EndProject
Project("{9A19103F-16F7-4668-BE54-9A1E7A4F7556}") = "ProductTests.Application", "ProductTests.Application\ProductTests.Application.csproj", "{E74130D9-4A62-4222-83C8-697E6DFB2B2D}"
EndProject
Project("{9A19103F-16F7-4668-BE54-9A1E7A4F7556}") = "ProductTests.Domain", "ProductTests.Domain\ProductTests.Domain.csproj", "{E08F07E1-2490-4466-86A8-A6FC3AD99FA0}"
EndProject
Project("{9A19103F-16F7-4668-BE54-9A1E7A4F7556}") = "ProductTests.Infrastructure", "ProductTests.Infrastructure\ProductTests.Infrastructure.csproj", "{6B836B8C-CD04-48D2-A162-7D90FC11ABEC}"
EndProject
Project("{2150E333-8FDC-42A3-9474-1A3956D46DE8}") = "Microservices.Communication", "Microservices.Communication", "{C828DBB6-8FF6-4FBA-8E86-45CAA776B909}"
EndProject
Project("{2150E333-8FDC-42A3-9474-1A3956D46DE8}") = "CommandBus", "CommandBus", "{C241B2AC-A23C-48CC-95A2-859DFC72D57A}"
EndProject
Project("{2150E333-8FDC-42A3-9474-1A3956D46DE8}") = "EventBus", "EventBus", "{01A5CE74-DB0C-4F25-AF12-1D78B2B5A755}"
EndProject
Project("{FAE04EC0-301F-11D3-BF4B-00C04F79EFBC}") = "CommandBus", "CommandBus\CommandBus.csproj", "{2DD63859-3F07-4780-B6A0-8AA312B9036F}"
EndProject
Project("{FAE04EC0-301F-11D3-BF4B-00C04F79EFBC}") = "CommandBusRabbitMQ", "CommandBusRabbitMQ\CommandBusRabbitMQ.csproj", "{FE8D7E67-67DA-4DD8-AA63-5D6DE2FA6F5A}"
EndProject
Project("{FAE04EC0-301F-11D3-BF4B-00C04F79EFBC}") = "CommandBusServiceBus", "CommandBusServiceBus\CommandBusServiceBus.csproj", "{000FC1D9-202F-4697-AFAD-0820E23C9D74}"
EndProject
Project("{FAE04EC0-301F-11D3-BF4B-00C04F79EFBC}") = "IntegrationCommandLogEF", "IntegrationCommandLogEF\IntegrationCommandLogEF.csproj", "{6435ED66-87CA-4EEA-9DC0-C83739E72250}"
EndProject
Project("{FAE04EC0-301F-11D3-BF4B-00C04F79EFBC}") = "EventBus", "EventBus\EventBus.csproj", "{5A625209-C600-4F0C-AC0B-660C5ED6D2A0}"
EndProject
Project("{FAE04EC0-301F-11D3-BF4B-00C04F79EFBC}") = "EventBusRabbitMQ", "EventBusRabbitMQ\EventBusRabbitMQ.csproj", "{C9D0462B-D489-41AA-8772-E5B47A724D21}"
EndProject
Project("{FAE04EC0-301F-11D3-BF4B-00C04F79EFBC}") = "EventBusServiceBus", "EventBusServiceBus\EventBusServiceBus.csproj", "{66F623D8-5951-4264-A198-3D5EFE9BA400}"
EndProject
Project("{FAE04EC0-301F-11D3-BF4B-00C04F79EFBC}") = "IntegrationEventLogEF", "IntegrationEventLogEF\IntegrationEventLogEF.csproj", "{8451F7D2-77C2-405B-A39C-595958961FB3}"
EndProject
Project("{FAE04EC0-301F-11D3-BF4B-00C04F79EFBC}") = "Common", "Common\Common.csproj", "{2D46CA08-9D7E-4A56-A4C0-FA5803FDFF2C}"
EndProject
Global
	GlobalSection(SolutionConfigurationPlatforms) = preSolution
		Debug|Any CPU = Debug|Any CPU
		Release|Any CPU = Release|Any CPU
	EndGlobalSection
	GlobalSection(ProjectConfigurationPlatforms) = postSolution
		{AA8CF121-062D-4197-9BD2-106D85B3BDF8}.Debug|Any CPU.ActiveCfg = Debug|Any CPU
		{AA8CF121-062D-4197-9BD2-106D85B3BDF8}.Debug|Any CPU.Build.0 = Debug|Any CPU
		{AA8CF121-062D-4197-9BD2-106D85B3BDF8}.Release|Any CPU.ActiveCfg = Release|Any CPU
		{AA8CF121-062D-4197-9BD2-106D85B3BDF8}.Release|Any CPU.Build.0 = Release|Any CPU
		{1B6A7D0F-CCAE-4C75-BC8D-D3A439A36FB0}.Debug|Any CPU.ActiveCfg = Debug|Any CPU
		{1B6A7D0F-CCAE-4C75-BC8D-D3A439A36FB0}.Debug|Any CPU.Build.0 = Debug|Any CPU
		{1B6A7D0F-CCAE-4C75-BC8D-D3A439A36FB0}.Release|Any CPU.ActiveCfg = Release|Any CPU
		{1B6A7D0F-CCAE-4C75-BC8D-D3A439A36FB0}.Release|Any CPU.Build.0 = Release|Any CPU
		{16B10142-446F-4B64-BEFC-291D098B9600}.Debug|Any CPU.ActiveCfg = Debug|Any CPU
		{16B10142-446F-4B64-BEFC-291D098B9600}.Debug|Any CPU.Build.0 = Debug|Any CPU
		{16B10142-446F-4B64-BEFC-291D098B9600}.Release|Any CPU.ActiveCfg = Release|Any CPU
		{16B10142-446F-4B64-BEFC-291D098B9600}.Release|Any CPU.Build.0 = Release|Any CPU
		{6B727263-3873-40DA-8E9C-D21C2F0D1E64}.Debug|Any CPU.ActiveCfg = Debug|Any CPU
		{6B727263-3873-40DA-8E9C-D21C2F0D1E64}.Debug|Any CPU.Build.0 = Debug|Any CPU
		{6B727263-3873-40DA-8E9C-D21C2F0D1E64}.Release|Any CPU.ActiveCfg = Release|Any CPU
		{6B727263-3873-40DA-8E9C-D21C2F0D1E64}.Release|Any CPU.Build.0 = Release|Any CPU
		{A4970DB4-91C9-480D-99CF-2442CB8A11DE}.Debug|Any CPU.ActiveCfg = Debug|Any CPU
		{A4970DB4-91C9-480D-99CF-2442CB8A11DE}.Debug|Any CPU.Build.0 = Debug|Any CPU
		{A4970DB4-91C9-480D-99CF-2442CB8A11DE}.Release|Any CPU.ActiveCfg = Release|Any CPU
		{A4970DB4-91C9-480D-99CF-2442CB8A11DE}.Release|Any CPU.Build.0 = Release|Any CPU
		{7EAAEB04-188D-4BF2-9D60-D2BB67701C55}.Debug|Any CPU.ActiveCfg = Debug|Any CPU
		{7EAAEB04-188D-4BF2-9D60-D2BB67701C55}.Debug|Any CPU.Build.0 = Debug|Any CPU
		{7EAAEB04-188D-4BF2-9D60-D2BB67701C55}.Release|Any CPU.ActiveCfg = Release|Any CPU
		{7EAAEB04-188D-4BF2-9D60-D2BB67701C55}.Release|Any CPU.Build.0 = Release|Any CPU
		{E74130D9-4A62-4222-83C8-697E6DFB2B2D}.Debug|Any CPU.ActiveCfg = Debug|Any CPU
		{E74130D9-4A62-4222-83C8-697E6DFB2B2D}.Debug|Any CPU.Build.0 = Debug|Any CPU
		{E74130D9-4A62-4222-83C8-697E6DFB2B2D}.Release|Any CPU.ActiveCfg = Release|Any CPU
		{E74130D9-4A62-4222-83C8-697E6DFB2B2D}.Release|Any CPU.Build.0 = Release|Any CPU
		{E08F07E1-2490-4466-86A8-A6FC3AD99FA0}.Debug|Any CPU.ActiveCfg = Debug|Any CPU
		{E08F07E1-2490-4466-86A8-A6FC3AD99FA0}.Debug|Any CPU.Build.0 = Debug|Any CPU
		{E08F07E1-2490-4466-86A8-A6FC3AD99FA0}.Release|Any CPU.ActiveCfg = Release|Any CPU
		{E08F07E1-2490-4466-86A8-A6FC3AD99FA0}.Release|Any CPU.Build.0 = Release|Any CPU
		{6B836B8C-CD04-48D2-A162-7D90FC11ABEC}.Debug|Any CPU.ActiveCfg = Debug|Any CPU
		{6B836B8C-CD04-48D2-A162-7D90FC11ABEC}.Debug|Any CPU.Build.0 = Debug|Any CPU
		{6B836B8C-CD04-48D2-A162-7D90FC11ABEC}.Release|Any CPU.ActiveCfg = Release|Any CPU
		{6B836B8C-CD04-48D2-A162-7D90FC11ABEC}.Release|Any CPU.Build.0 = Release|Any CPU
		{2DD63859-3F07-4780-B6A0-8AA312B9036F}.Debug|Any CPU.ActiveCfg = Debug|Any CPU
		{2DD63859-3F07-4780-B6A0-8AA312B9036F}.Debug|Any CPU.Build.0 = Debug|Any CPU
		{2DD63859-3F07-4780-B6A0-8AA312B9036F}.Release|Any CPU.ActiveCfg = Release|Any CPU
		{2DD63859-3F07-4780-B6A0-8AA312B9036F}.Release|Any CPU.Build.0 = Release|Any CPU
		{FE8D7E67-67DA-4DD8-AA63-5D6DE2FA6F5A}.Debug|Any CPU.ActiveCfg = Debug|Any CPU
		{FE8D7E67-67DA-4DD8-AA63-5D6DE2FA6F5A}.Debug|Any CPU.Build.0 = Debug|Any CPU
		{FE8D7E67-67DA-4DD8-AA63-5D6DE2FA6F5A}.Release|Any CPU.ActiveCfg = Release|Any CPU
		{FE8D7E67-67DA-4DD8-AA63-5D6DE2FA6F5A}.Release|Any CPU.Build.0 = Release|Any CPU
		{000FC1D9-202F-4697-AFAD-0820E23C9D74}.Debug|Any CPU.ActiveCfg = Debug|Any CPU
		{000FC1D9-202F-4697-AFAD-0820E23C9D74}.Debug|Any CPU.Build.0 = Debug|Any CPU
		{000FC1D9-202F-4697-AFAD-0820E23C9D74}.Release|Any CPU.ActiveCfg = Release|Any CPU
		{000FC1D9-202F-4697-AFAD-0820E23C9D74}.Release|Any CPU.Build.0 = Release|Any CPU
		{6435ED66-87CA-4EEA-9DC0-C83739E72250}.Debug|Any CPU.ActiveCfg = Debug|Any CPU
		{6435ED66-87CA-4EEA-9DC0-C83739E72250}.Debug|Any CPU.Build.0 = Debug|Any CPU
		{6435ED66-87CA-4EEA-9DC0-C83739E72250}.Release|Any CPU.ActiveCfg = Release|Any CPU
		{6435ED66-87CA-4EEA-9DC0-C83739E72250}.Release|Any CPU.Build.0 = Release|Any CPU
		{5A625209-C600-4F0C-AC0B-660C5ED6D2A0}.Debug|Any CPU.ActiveCfg = Debug|Any CPU
		{5A625209-C600-4F0C-AC0B-660C5ED6D2A0}.Debug|Any CPU.Build.0 = Debug|Any CPU
		{5A625209-C600-4F0C-AC0B-660C5ED6D2A0}.Release|Any CPU.ActiveCfg = Release|Any CPU
		{5A625209-C600-4F0C-AC0B-660C5ED6D2A0}.Release|Any CPU.Build.0 = Release|Any CPU
		{C9D0462B-D489-41AA-8772-E5B47A724D21}.Debug|Any CPU.ActiveCfg = Debug|Any CPU
		{C9D0462B-D489-41AA-8772-E5B47A724D21}.Debug|Any CPU.Build.0 = Debug|Any CPU
		{C9D0462B-D489-41AA-8772-E5B47A724D21}.Release|Any CPU.ActiveCfg = Release|Any CPU
		{C9D0462B-D489-41AA-8772-E5B47A724D21}.Release|Any CPU.Build.0 = Release|Any CPU
		{66F623D8-5951-4264-A198-3D5EFE9BA400}.Debug|Any CPU.ActiveCfg = Debug|Any CPU
		{66F623D8-5951-4264-A198-3D5EFE9BA400}.Debug|Any CPU.Build.0 = Debug|Any CPU
		{66F623D8-5951-4264-A198-3D5EFE9BA400}.Release|Any CPU.ActiveCfg = Release|Any CPU
		{66F623D8-5951-4264-A198-3D5EFE9BA400}.Release|Any CPU.Build.0 = Release|Any CPU
		{8451F7D2-77C2-405B-A39C-595958961FB3}.Debug|Any CPU.ActiveCfg = Debug|Any CPU
		{8451F7D2-77C2-405B-A39C-595958961FB3}.Debug|Any CPU.Build.0 = Debug|Any CPU
		{8451F7D2-77C2-405B-A39C-595958961FB3}.Release|Any CPU.ActiveCfg = Release|Any CPU
		{8451F7D2-77C2-405B-A39C-595958961FB3}.Release|Any CPU.Build.0 = Release|Any CPU
		{2D46CA08-9D7E-4A56-A4C0-FA5803FDFF2C}.Debug|Any CPU.ActiveCfg = Debug|Any CPU
		{2D46CA08-9D7E-4A56-A4C0-FA5803FDFF2C}.Debug|Any CPU.Build.0 = Debug|Any CPU
		{2D46CA08-9D7E-4A56-A4C0-FA5803FDFF2C}.Release|Any CPU.ActiveCfg = Release|Any CPU
		{2D46CA08-9D7E-4A56-A4C0-FA5803FDFF2C}.Release|Any CPU.Build.0 = Release|Any CPU
	EndGlobalSection
	GlobalSection(SolutionProperties) = preSolution
		HideSolutionNode = FALSE
	EndGlobalSection
	GlobalSection(NestedProjects) = preSolution
		{6B727263-3873-40DA-8E9C-D21C2F0D1E64} = {B2E4D1FA-7A34-4460-B690-3975E9D95D18}
		{A4970DB4-91C9-480D-99CF-2442CB8A11DE} = {B2E4D1FA-7A34-4460-B690-3975E9D95D18}
		{7EAAEB04-188D-4BF2-9D60-D2BB67701C55} = {B2E4D1FA-7A34-4460-B690-3975E9D95D18}
		{E74130D9-4A62-4222-83C8-697E6DFB2B2D} = {7B360A4F-CFA3-4B4B-87C0-503CA4F49EF1}
		{E08F07E1-2490-4466-86A8-A6FC3AD99FA0} = {7B360A4F-CFA3-4B4B-87C0-503CA4F49EF1}
		{6B836B8C-CD04-48D2-A162-7D90FC11ABEC} = {7B360A4F-CFA3-4B4B-87C0-503CA4F49EF1}
		{C241B2AC-A23C-48CC-95A2-859DFC72D57A} = {C828DBB6-8FF6-4FBA-8E86-45CAA776B909}
		{01A5CE74-DB0C-4F25-AF12-1D78B2B5A755} = {C828DBB6-8FF6-4FBA-8E86-45CAA776B909}
		{2DD63859-3F07-4780-B6A0-8AA312B9036F} = {C241B2AC-A23C-48CC-95A2-859DFC72D57A}
		{FE8D7E67-67DA-4DD8-AA63-5D6DE2FA6F5A} = {C241B2AC-A23C-48CC-95A2-859DFC72D57A}
		{000FC1D9-202F-4697-AFAD-0820E23C9D74} = {C241B2AC-A23C-48CC-95A2-859DFC72D57A}
		{6435ED66-87CA-4EEA-9DC0-C83739E72250} = {C241B2AC-A23C-48CC-95A2-859DFC72D57A}
		{5A625209-C600-4F0C-AC0B-660C5ED6D2A0} = {01A5CE74-DB0C-4F25-AF12-1D78B2B5A755}
		{C9D0462B-D489-41AA-8772-E5B47A724D21} = {01A5CE74-DB0C-4F25-AF12-1D78B2B5A755}
		{66F623D8-5951-4264-A198-3D5EFE9BA400} = {01A5CE74-DB0C-4F25-AF12-1D78B2B5A755}
		{8451F7D2-77C2-405B-A39C-595958961FB3} = {01A5CE74-DB0C-4F25-AF12-1D78B2B5A755}
		{2D46CA08-9D7E-4A56-A4C0-FA5803FDFF2C} = {C828DBB6-8FF6-4FBA-8E86-45CAA776B909}
	EndGlobalSection
	GlobalSection(ExtensibilityGlobals) = postSolution
		SolutionGuid = {AB9011D1-6710-44D3-9FD2-BD56D5E40DFD}
	EndGlobalSection
EndGlobal
